// !$*UTF8*$!
{
	archiveVersion = 1;
	classes = {
	};
	objectVersion = 50;
	objects = {

/* Begin PBXBuildFile section */
		FAC08FFE22809EB800E0A5CE /* AppDelegate.swift in Sources */ = {isa = PBXBuildFile; fileRef = FAC08FFD22809EB800E0A5CE /* AppDelegate.swift */; };
		FAC0900022809EB800E0A5CE /* ViewController.swift in Sources */ = {isa = PBXBuildFile; fileRef = FAC08FFF22809EB800E0A5CE /* ViewController.swift */; };
		FAC0900322809EB900E0A5CE /* Main.storyboard in Resources */ = {isa = PBXBuildFile; fileRef = FAC0900122809EB900E0A5CE /* Main.storyboard */; };
		FAC0900522809EBA00E0A5CE /* Assets.xcassets in Resources */ = {isa = PBXBuildFile; fileRef = FAC0900422809EBA00E0A5CE /* Assets.xcassets */; };
		FAC0900822809EBA00E0A5CE /* LaunchScreen.storyboard in Resources */ = {isa = PBXBuildFile; fileRef = FAC0900622809EBA00E0A5CE /* LaunchScreen.storyboard */; };
		FAC090102280A14B00E0A5CE /* TableViewController.swift in Sources */ = {isa = PBXBuildFile; fileRef = FAC0900F2280A14B00E0A5CE /* TableViewController.swift */; };
		FAC090122280A30900E0A5CE /* Emoji.swift in Sources */ = {isa = PBXBuildFile; fileRef = FAC090112280A30900E0A5CE /* Emoji.swift */; };
/* End PBXBuildFile section */

/* Begin PBXFileReference section */
		FAC08FFA22809EB800E0A5CE /* EmojiTableView.app */ = {isa = PBXFileReference; explicitFileType = wrapper.application; includeInIndex = 0; path = EmojiTableView.app; sourceTree = BUILT_PRODUCTS_DIR; };
		FAC08FFD22809EB800E0A5CE /* AppDelegate.swift */ = {isa = PBXFileReference; lastKnownFileType = sourcecode.swift; path = AppDelegate.swift; sourceTree = "<group>"; };
		FAC08FFF22809EB800E0A5CE /* ViewController.swift */ = {isa = PBXFileReference; lastKnownFileType = sourcecode.swift; path = ViewController.swift; sourceTree = "<group>"; };
		FAC0900222809EB900E0A5CE /* Base */ = {isa = PBXFileReference; lastKnownFileType = file.storyboard; name = Base; path = Base.lproj/Main.storyboard; sourceTree = "<group>"; };
		FAC0900422809EBA00E0A5CE /* Assets.xcassets */ = {isa = PBXFileReference; lastKnownFileType = folder.assetcatalog; path = Assets.xcassets; sourceTree = "<group>"; };
		FAC0900722809EBA00E0A5CE /* Base */ = {isa = PBXFileReference; lastKnownFileType = file.storyboard; name = Base; path = Base.lproj/LaunchScreen.storyboard; sourceTree = "<group>"; };
		FAC0900922809EBA00E0A5CE /* Info.plist */ = {isa = PBXFileReference; lastKnownFileType = text.plist.xml; path = Info.plist; sourceTree = "<group>"; };
		FAC0900F2280A14B00E0A5CE /* TableViewController.swift */ = {isa = PBXFileReference; lastKnownFileType = sourcecode.swift; path = TableViewController.swift; sourceTree = "<group>"; };
		FAC090112280A30900E0A5CE /* Emoji.swift */ = {isa = PBXFileReference; lastKnownFileType = sourcecode.swift; path = Emoji.swift; sourceTree = "<group>"; };
/* End PBXFileReference section */

/* Begin PBXFrameworksBuildPhase section */
		FAC08FF722809EB800E0A5CE /* Frameworks */ = {
			isa = PBXFrameworksBuildPhase;
			buildActionMask = 2147483647;
			files = (
			);
			runOnlyForDeploymentPostprocessing = 0;
		};
/* End PBXFrameworksBuildPhase section */

/* Begin PBXGroup section */
		FAC08FF122809EB800E0A5CE = {
			isa = PBXGroup;
			children = (
				FAC08FFC22809EB800E0A5CE /* EmojiTableView */,
				FAC08FFB22809EB800E0A5CE /* Products */,
			);
			sourceTree = "<group>";
		};
		FAC08FFB22809EB800E0A5CE /* Products */ = {
			isa = PBXGroup;
			children = (
				FAC08FFA22809EB800E0A5CE /* EmojiTableView.app */,
			);
			name = Products;
			sourceTree = "<group>";
		};
		FAC08FFC22809EB800E0A5CE /* EmojiTableView */ = {
			isa = PBXGroup;
			children = (
				FAC08FFD22809EB800E0A5CE /* AppDelegate.swift */,
				FAC08FFF22809EB800E0A5CE /* ViewController.swift */,
				FAC0900122809EB900E0A5CE /* Main.storyboard */,
				FAC0900422809EBA00E0A5CE /* Assets.xcassets */,
				FAC0900622809EBA00E0A5CE /* LaunchScreen.storyboard */,
				FAC0900922809EBA00E0A5CE /* Info.plist */,
				FAC0900F2280A14B00E0A5CE /* TableViewController.swift */,
				FAC090112280A30900E0A5CE /* Emoji.swift */,
			);
			path = EmojiTableView;
			sourceTree = "<group>";
		};
/* End PBXGroup section */

/* Begin PBXNativeTarget section */
		FAC08FF922809EB800E0A5CE /* EmojiTableView */ = {
			isa = PBXNativeTarget;
			buildConfigurationList = FAC0900C22809EBA00E0A5CE /* Build configuration list for PBXNativeTarget "EmojiTableView" */;
			buildPhases = (
				FAC08FF622809EB800E0A5CE /* Sources */,
				FAC08FF722809EB800E0A5CE /* Frameworks */,
				FAC08FF822809EB800E0A5CE /* Resources */,
			);
			buildRules = (
			);
			dependencies = (
			);
			name = EmojiTableView;
			productName = EmojiTableView;
			productReference = FAC08FFA22809EB800E0A5CE /* EmojiTableView.app */;
			productType = "com.apple.product-type.application";
		};
/* End PBXNativeTarget section */

/* Begin PBXProject section */
		FAC08FF222809EB800E0A5CE /* Project object */ = {
			isa = PBXProject;
			attributes = {
				LastSwiftUpdateCheck = 1020;
				LastUpgradeCheck = 1020;
				ORGANIZATIONNAME = Sharon;
				TargetAttributes = {
					FAC08FF922809EB800E0A5CE = {
						CreatedOnToolsVersion = 10.2.1;
					};
				};
			};
			buildConfigurationList = FAC08FF522809EB800E0A5CE /* Build configuration list for PBXProject "EmojiTableView" */;
			compatibilityVersion = "Xcode 9.3";
			developmentRegion = en;
			hasScannedForEncodings = 0;
			knownRegions = (
				en,
				Base,
			);
			mainGroup = FAC08FF122809EB800E0A5CE;
			productRefGroup = FAC08FFB22809EB800E0A5CE /* Products */;
			projectDirPath = "";
			projectRoot = "";
			targets = (
				FAC08FF922809EB800E0A5CE /* EmojiTableView */,
			);
		};
/* End PBXProject section */

/* Begin PBXResourcesBuildPhase section */
		FAC08FF822809EB800E0A5CE /* Resources */ = {
			isa = PBXResourcesBuildPhase;
			buildActionMask = 2147483647;
			files = (
				FAC0900822809EBA00E0A5CE /* LaunchScreen.storyboard in Resources */,
				FAC0900522809EBA00E0A5CE /* Assets.xcassets in Resources */,
				FAC0900322809EB900E0A5CE /* Main.storyboard in Resources */,
			);
			runOnlyForDeploymentPostprocessing = 0;
		};
/* End PBXResourcesBuildPhase section */

/* Begin PBXSourcesBuildPhase section */
		FAC08FF622809EB800E0A5CE /* Sources */ = {
			isa = PBXSourcesBuildPhase;
			buildActionMask = 2147483647;
			files = (
				FAC0900022809EB800E0A5CE /* ViewController.swift in Sources */,
				FAC090102280A14B00E0A5CE /* TableViewController.swift in Sources */,
				FAC090122280A30900E0A5CE /* Emoji.swift in Sources */,
				FAC08FFE22809EB800E0A5CE /* AppDelegate.swift in Sources */,
			);
			runOnlyForDeploymentPostprocessing = 0;
		};
/* End PBXSourcesBuildPhase section */

/* Begin PBXVariantGroup section */
		FAC0900122809EB900E0A5CE /* Main.storyboard */ = {
			isa = PBXVariantGroup;
			children = (
				FAC0900222809EB900E0A5CE /* Base */,
			);
			name = Main.storyboard;
			sourceTree = "<group>";
		};
		FAC0900622809EBA00E0A5CE /* LaunchScreen.storyboard */ = {
			isa = PBXVariantGroup;
			children = (
				FAC0900722809EBA00E0A5CE /* Base */,
			);
			name = LaunchScreen.storyboard;
			sourceTree = "<group>";
		};
/* End PBXVariantGroup section */

/* Begin XCBuildConfiguration section */
		FAC0900A22809EBA00E0A5CE /* Debug */ = {
			isa = XCBuildConfiguration;
			buildSettings = {
				ALWAYS_SEARCH_USER_PATHS = NO;
				CLANG_ANALYZER_NONNULL = YES;
				CLANG_ANALYZER_NUMBER_OBJECT_CONVERSION = YES_AGGRESSIVE;
				CLANG_CXX_LANGUAGE_STANDARD = "gnu++14";
				CLANG_CXX_LIBRARY = "libc++";
				CLANG_ENABLE_MODULES = YES;
				CLANG_ENABLE_OBJC_ARC = YES;
				CLANG_ENABLE_OBJC_WEAK = YES;
				CLANG_WARN_BLOCK_CAPTURE_AUTORELEASING = YES;
				CLANG_WARN_BOOL_CONVERSION = YES;
				CLANG_WARN_COMMA = YES;
				CLANG_WARN_CONSTANT_CONVERSION = YES;
				CLANG_WARN_DEPRECATED_OBJC_IMPLEMENTATIONS = YES;
				CLANG_WARN_DIRECT_OBJC_ISA_USAGE = YES_ERROR;
				CLANG_WARN_DOCUMENTATION_COMMENTS = YES;
				CLANG_WARN_EMPTY_BODY = YES;
				CLANG_WARN_ENUM_CONVERSION = YES;
				CLANG_WARN_INFINITE_RECURSION = YES;
				CLANG_WARN_INT_CONVERSION = YES;
				CLANG_WARN_NON_LITERAL_NULL_CONVERSION = YES;
				CLANG_WARN_OBJC_IMPLICIT_RETAIN_SELF = YES;
				CLANG_WARN_OBJC_LITERAL_CONVERSION = YES;
				CLANG_WARN_OBJC_ROOT_CLASS = YES_ERROR;
				CLANG_WARN_RANGE_LOOP_ANALYSIS = YES;
				CLANG_WARN_STRICT_PROTOTYPES = YES;
				CLANG_WARN_SUSPICIOUS_MOVE = YES;
				CLANG_WARN_UNGUARDED_AVAILABILITY = YES_AGGRESSIVE;
				CLANG_WARN_UNREACHABLE_CODE = YES;
				CLANG_WARN__DUPLICATE_METHOD_MATCH = YES;
				CODE_SIGN_IDENTITY = "iPhone Developer";
				COPY_PHASE_STRIP = NO;
				DEBUG_INFORMATION_FORMAT = dwarf;
				ENABLE_STRICT_OBJC_MSGSEND = YES;
				ENABLE_TESTABILITY = YES;
				GCC_C_LANGUAGE_STANDARD = gnu11;
				GCC_DYNAMIC_NO_PIC = NO;
				GCC_NO_COMMON_BLOCKS = YES;
				GCC_OPTIMIZATION_LEVEL = 0;
				GCC_PREPROCESSOR_DEFINITIONS = (
					"DEBUG=1",
					"$(inherited)",
				);
				GCC_WARN_64_TO_32_BIT_CONVERSION = YES;
				GCC_WARN_ABOUT_RETURN_TYPE = YES_ERROR;
				GCC_WARN_UNDECLARED_SELECTOR = YES;
				GCC_WARN_UNINITIALIZED_AUTOS = YES_AGGRESSIVE;
				GCC_WARN_UNUSED_FUNCTION = YES;
				GCC_WARN_UNUSED_VARIABLE = YES;
				IPHONEOS_DEPLOYMENT_TARGET = 12.2;
				MTL_ENABLE_DEBUG_INFO = INCLUDE_SOURCE;
				MTL_FAST_MATH = YES;
				ONLY_ACTIVE_ARCH = YES;
				SDKROOT = iphoneos;
				SWIFT_ACTIVE_COMPILATION_CONDITIONS = DEBUG;
				SWIFT_OPTIMIZATION_LEVEL = "-Onone";
			};
			name = Debug;
		};
		FAC0900B22809EBA00E0A5CE /* Release */ = {
			isa = XCBuildConfiguration;
			buildSettings = {
				ALWAYS_SEARCH_USER_PATHS = NO;
				CLANG_ANALYZER_NONNULL = YES;
				CLANG_ANALYZER_NUMBER_OBJECT_CONVERSION = YES_AGGRESSIVE;
				CLANG_CXX_LANGUAGE_STANDARD = "gnu++14";
				CLANG_CXX_LIBRARY = "libc++";
				CLANG_ENABLE_MODULES = YES;
				CLANG_ENABLE_OBJC_ARC = YES;
				CLANG_ENABLE_OBJC_WEAK = YES;
				CLANG_WARN_BLOCK_CAPTURE_AUTORELEASING = YES;
				CLANG_WARN_BOOL_CONVERSION = YES;
				CLANG_WARN_COMMA = YES;
				CLANG_WARN_CONSTANT_CONVERSION = YES;
				CLANG_WARN_DEPRECATED_OBJC_IMPLEMENTATIONS = YES;
				CLANG_WARN_DIRECT_OBJC_ISA_USAGE = YES_ERROR;
				CLANG_WARN_DOCUMENTATION_COMMENTS = YES;
				CLANG_WARN_EMPTY_BODY = YES;
				CLANG_WARN_ENUM_CONVERSION = YES;
				CLANG_WARN_INFINITE_RECURSION = YES;
				CLANG_WARN_INT_CONVERSION = YES;
				CLANG_WARN_NON_LITERAL_NULL_CONVERSION = YES;
				CLANG_WARN_OBJC_IMPLICIT_RETAIN_SELF = YES;
				CLANG_WARN_OBJC_LITERAL_CONVERSION = YES;
				CLANG_WARN_OBJC_ROOT_CLASS = YES_ERROR;
				CLANG_WARN_RANGE_LOOP_ANALYSIS = YES;
				CLANG_WARN_STRICT_PROTOTYPES = YES;
				CLANG_WARN_SUSPICIOUS_MOVE = YES;
				CLANG_WARN_UNGUARDED_AVAILABILITY = YES_AGGRESSIVE;
				CLANG_WARN_UNREACHABLE_CODE = YES;
				CLANG_WARN__DUPLICATE_METHOD_MATCH = YES;
				CODE_SIGN_IDENTITY = "iPhone Developer";
				COPY_PHASE_STRIP = NO;
				DEBUG_INFORMATION_FORMAT = "dwarf-with-dsym";
				ENABLE_NS_ASSERTIONS = NO;
				ENABLE_STRICT_OBJC_MSGSEND = YES;
				GCC_C_LANGUAGE_STANDARD = gnu11;
				GCC_NO_COMMON_BLOCKS = YES;
				GCC_WARN_64_TO_32_BIT_CONVERSION = YES;
				GCC_WARN_ABOUT_RETURN_TYPE = YES_ERROR;
				GCC_WARN_UNDECLARED_SELECTOR = YES;
				GCC_WARN_UNINITIALIZED_AUTOS = YES_AGGRESSIVE;
				GCC_WARN_UNUSED_FUNCTION = YES;
				GCC_WARN_UNUSED_VARIABLE = YES;
				IPHONEOS_DEPLOYMENT_TARGET = 12.2;
				MTL_ENABLE_DEBUG_INFO = NO;
				MTL_FAST_MATH = YES;
				SDKROOT = iphoneos;
				SWIFT_COMPILATION_MODE = wholemodule;
				SWIFT_OPTIMIZATION_LEVEL = "-O";
				VALIDATE_PRODUCT = YES;
			};
			name = Release;
		};
		FAC0900D22809EBA00E0A5CE /* Debug */ = {
			isa = XCBuildConfiguration;
			buildSettings = {
				ASSETCATALOG_COMPILER_APPICON_NAME = AppIcon;
				CODE_SIGN_STYLE = Automatic;
				INFOPLIST_FILE = EmojiTableView/Info.plist;
				LD_RUNPATH_SEARCH_PATHS = (
					"$(inherited)",
					"@executable_path/Frameworks",
				);
				PRODUCT_BUNDLE_IDENTIFIER = com.ioslab.EmojiTableView;
				PRODUCT_NAME = "$(TARGET_NAME)";
				SWIFT_VERSION = 5.0;
				TARGETED_DEVICE_FAMILY = "1,2";
			};
			name = Debug;
		};
		FAC0900E22809EBA00E0A5CE /* Release */ = {
			isa = XCBuildConfiguration;
			buildSettings = {
				ASSETCATALOG_COMPILER_APPICON_NAME = AppIcon;
				CODE_SIGN_STYLE = Automatic;
				INFOPLIST_FILE = EmojiTableView/Info.plist;
				LD_RUNPATH_SEARCH_PATHS = (
					"$(inherited)",
					"@executable_path/Frameworks",
				);
				PRODUCT_BUNDLE_IDENTIFIER = com.ioslab.EmojiTableView;
				PRODUCT_NAME = "$(TARGET_NAME)";
				SWIFT_VERSION = 5.0;
				TARGETED_DEVICE_FAMILY = "1,2";
			};
			name = Release;
		};
/* End XCBuildConfiguration section */

/* Begin XCConfigurationList section */
		FAC08FF522809EB800E0A5CE /* Build configuration list for PBXProject "EmojiTableView" */ = {
			isa = XCConfigurationList;
			buildConfigurations = (
				FAC0900A22809EBA00E0A5CE /* Debug */,
				FAC0900B22809EBA00E0A5CE /* Release */,
			);
			defaultConfigurationIsVisible = 0;
			defaultConfigurationName = Release;
		};
		FAC0900C22809EBA00E0A5CE /* Build configuration list for PBXNativeTarget "EmojiTableView" */ = {
			isa = XCConfigurationList;
			buildConfigurations = (
				FAC0900D22809EBA00E0A5CE /* Debug */,
				FAC0900E22809EBA00E0A5CE /* Release */,
			);
			defaultConfigurationIsVisible = 0;
			defaultConfigurationName = Release;
		};
/* End XCConfigurationList section */
	};
	rootObject = FAC08FF222809EB800E0A5CE /* Project object */;
}
